{
  "nodes": {
    "nixpkgs": {
      "locked": {
        "lastModified": 1673180965,
        "narHash": "sha256-gMhL6w9RVluvPs+irJ9n0Q1BphZm+Ek4XGn5Ow7YQ3k=",
        "owner": "NixOS",
        "repo": "nixpkgs",
        "rev": "0c9aadc8eff6daaa5149d2df9e6c49baaf44161c",
        "type": "github"
      },
      "original": {
        "id": "nixpkgs",
        "type": "indirect"
      }
    },
    "nur": {
      "locked": {
        "lastModified": 1673207072,
        "narHash": "sha256-QikoKBLIrEOAY5KS/bFwKwsG1t4/iabt4MgG7/9gBRE=",
        "owner": "nix-community",
        "repo": "NUR",
        "rev": "15d0b646aac5ac9c01ece253650d0fc37e627176",
        "type": "github"
      },
      "original": {
        "id": "nur",
        "type": "indirect"
      }
    },
    "root": {
      "inputs": {
        "nixpkgs": "nixpkgs",
        "nur": "nur"
      }
    }
  },
  "root": "root",
  "version": 7
}
